<?xml version="1.0" encoding="utf-8"?>
<Project ToolsVersion="4.0" xmlns="http://schemas.microsoft.com/developer/msbuild/2003">
  <ItemGroup>
    <ClCompile Include="client.cpp" />
    <ClCompile Include="gateconnector.cpp" />
    <ClCompile Include="gatereconnctortimer.cpp" />
    <ClCompile Include="consolehandler.cpp" />
    <ClCompile Include="role.cpp" />
  </ItemGroup>
  <ItemGroup>
    <ClInclude Include="gateconnector.h" />
    <ClInclude Include="gatereconnctortimer.h" />
    <ClInclude Include="consolehandler.h" />
    <ClInclude Include="role.h" />
  </ItemGroup>
</Project>