<?xml version="1.0" encoding="utf-8"?>
<Project ToolsVersion="4.0" xmlns="http://schemas.microsoft.com/developer/msbuild/2003">
  <ItemGroup>
    <ClCompile Include="pool\threadpool.cpp">
      <Filter>pool</Filter>
    </ClCompile>
    <ClCompile Include="net\ipaddress.cpp">
      <Filter>net</Filter>
    </ClCompile>
    <ClCompile Include="events\eventbase.cpp">
      <Filter>events</Filter>
    </ClCompile>
    <ClCompile Include="events\eventbuffer.cpp">
      <Filter>events</Filter>
    </ClCompile>
    <ClCompile Include="events\eventbufferfilter.cpp">
      <Filter>events</Filter>
    </ClCompile>
    <ClCompile Include="events\eventbufferssl.cpp">
      <Filter>events</Filter>
    </ClCompile>
    <ClCompile Include="events\eventconfig.cpp">
      <Filter>events</Filter>
    </ClCompile>
    <ClCompile Include="events\eventconnector.cpp">
      <Filter>events</Filter>
    </ClCompile>
    <ClCompile Include="events\eventhandler.cpp">
      <Filter>events</Filter>
    </ClCompile>
    <ClCompile Include="events\eventlisenter.cpp">
      <Filter>events</Filter>
    </ClCompile>
    <ClCompile Include="events\streambuff.cpp">
      <Filter>events</Filter>
    </ClCompile>
    <ClCompile Include="net\acceptnewfd.cpp">
      <Filter>net\accept</Filter>
    </ClCompile>
    <ClCompile Include="net\acceptreactormgr.cpp">
      <Filter>net\accept</Filter>
    </ClCompile>
    <ClCompile Include="net\acceptiobuffer.cpp">
      <Filter>net\accept</Filter>
    </ClCompile>
    <ClCompile Include="net\listenreactormgr.cpp">
      <Filter>net\listen</Filter>
    </ClCompile>
    <ClCompile Include="net\listenevent.cpp">
      <Filter>net\listen</Filter>
    </ClCompile>
    <ClCompile Include="net\timerreactormgr.cpp">
      <Filter>net\timer</Filter>
    </ClCompile>
    <ClCompile Include="net\timerevent.cpp">
      <Filter>net\timer</Filter>
    </ClCompile>
    <ClCompile Include="net\connectiobuffer.cpp">
      <Filter>net\connect</Filter>
    </ClCompile>
    <ClCompile Include="net\connectevent.cpp">
      <Filter>net\connect</Filter>
    </ClCompile>
    <ClCompile Include="net\connectreactormgr.cpp">
      <Filter>net\connect</Filter>
    </ClCompile>
    <ClCompile Include="protocol\filterproces.cpp">
      <Filter>protocol</Filter>
    </ClCompile>
    <ClCompile Include="protocol\http.cpp">
      <Filter>protocol</Filter>
    </ClCompile>
    <ClCompile Include="protocol\request.cpp">
      <Filter>protocol</Filter>
    </ClCompile>
    <ClCompile Include="protocol\responses.cpp">
      <Filter>protocol</Filter>
    </ClCompile>
    <ClCompile Include="protocol\tcpip.cpp">
      <Filter>protocol</Filter>
    </ClCompile>
    <ClCompile Include="protocol\websocket.cpp">
      <Filter>protocol</Filter>
    </ClCompile>
    <ClCompile Include="thread\listenthread.cpp">
      <Filter>thread</Filter>
    </ClCompile>
    <ClCompile Include="thread\thread.cpp">
      <Filter>thread</Filter>
    </ClCompile>
    <ClCompile Include="thread\acceptthread.cpp">
      <Filter>thread</Filter>
    </ClCompile>
    <ClCompile Include="thread\workthread.cpp">
      <Filter>thread</Filter>
    </ClCompile>
    <ClCompile Include="thread\timerthread.cpp">
      <Filter>thread</Filter>
    </ClCompile>
    <ClCompile Include="thread\connectthread.cpp">
      <Filter>thread</Filter>
    </ClCompile>
    <ClCompile Include="thread\luathread.cpp">
      <Filter>thread</Filter>
    </ClCompile>
    <ClCompile Include="lua\luaengine.cpp">
      <Filter>lua</Filter>
    </ClCompile>
    <ClCompile Include="pool\mysqlpool.cpp">
      <Filter>pool</Filter>
    </ClCompile>
    <ClCompile Include="lua\luawrapper.cpp">
      <Filter>lua</Filter>
    </ClCompile>
    <ClCompile Include="thread\inotifythread.cpp">
      <Filter>thread</Filter>
    </ClCompile>
    <ClCompile Include="task\timertask.cpp">
      <Filter>task</Filter>
    </ClCompile>
    <ClCompile Include="task\connectreadiotask.cpp">
      <Filter>task</Filter>
    </ClCompile>
    <ClCompile Include="task\acceptreadiotask.cpp">
      <Filter>task</Filter>
    </ClCompile>
    <ClCompile Include="net\acceptheartbeat.cpp">
      <Filter>net\timer</Filter>
    </ClCompile>
    <ClCompile Include="net\connectheartbeat.cpp">
      <Filter>net\timer</Filter>
    </ClCompile>
    <ClCompile Include="task\notifytask.cpp">
      <Filter>task</Filter>
    </ClCompile>
    <ClCompile Include="utils\stuff.cpp">
      <Filter>utils</Filter>
    </ClCompile>
    <ClCompile Include="utils\stringop.cpp">
      <Filter>utils</Filter>
    </ClCompile>
    <ClCompile Include="utils\idworker.cpp">
      <Filter>utils</Filter>
    </ClCompile>
    <ClCompile Include="utils\iniconfig.cpp">
      <Filter>utils</Filter>
    </ClCompile>
    <ClCompile Include="utils\logger.cpp">
      <Filter>utils</Filter>
    </ClCompile>
    <ClCompile Include="utils\filepathop.cpp">
      <Filter>utils</Filter>
    </ClCompile>
    <ClCompile Include="io\stdinhandler.cpp">
      <Filter>io</Filter>
    </ClCompile>
    <ClCompile Include="signal\signalhandler.cpp">
      <Filter>signal</Filter>
    </ClCompile>
  </ItemGroup>
  <ItemGroup>
    <ClInclude Include="basic.h" />
    <ClInclude Include="pool\threadpool.h">
      <Filter>pool</Filter>
    </ClInclude>
    <ClInclude Include="net\ipaddress.h">
      <Filter>net</Filter>
    </ClInclude>
    <ClInclude Include="events\eventbase.h">
      <Filter>events</Filter>
    </ClInclude>
    <ClInclude Include="events\eventbuffer.h">
      <Filter>events</Filter>
    </ClInclude>
    <ClInclude Include="events\eventbufferfilter.h">
      <Filter>events</Filter>
    </ClInclude>
    <ClInclude Include="events\eventbufferssl.h">
      <Filter>events</Filter>
    </ClInclude>
    <ClInclude Include="events\eventconfig.h">
      <Filter>events</Filter>
    </ClInclude>
    <ClInclude Include="events\eventconnector.h">
      <Filter>events</Filter>
    </ClInclude>
    <ClInclude Include="events\eventhandler.h">
      <Filter>events</Filter>
    </ClInclude>
    <ClInclude Include="events\eventlisenter.h">
      <Filter>events</Filter>
    </ClInclude>
    <ClInclude Include="events\streambuff.h">
      <Filter>events</Filter>
    </ClInclude>
    <ClInclude Include="net\acceptnewfd.h">
      <Filter>net\accept</Filter>
    </ClInclude>
    <ClInclude Include="net\acceptreactormgr.h">
      <Filter>net\accept</Filter>
    </ClInclude>
    <ClInclude Include="net\acceptiobuffer.h">
      <Filter>net\accept</Filter>
    </ClInclude>
    <ClInclude Include="net\listenreactormgr.h">
      <Filter>net\listen</Filter>
    </ClInclude>
    <ClInclude Include="net\listenevent.h">
      <Filter>net\listen</Filter>
    </ClInclude>
    <ClInclude Include="net\timerreactormgr.h">
      <Filter>net\timer</Filter>
    </ClInclude>
    <ClInclude Include="net\timerevent.h">
      <Filter>net\timer</Filter>
    </ClInclude>
    <ClInclude Include="net\connectiobuffer.h">
      <Filter>net\connect</Filter>
    </ClInclude>
    <ClInclude Include="net\connectevent.h">
      <Filter>net\connect</Filter>
    </ClInclude>
    <ClInclude Include="net\connectreactormgr.h">
      <Filter>net\connect</Filter>
    </ClInclude>
    <ClInclude Include="crypto\sha1.h">
      <Filter>crypto</Filter>
    </ClInclude>
    <ClInclude Include="crypto\base64.h">
      <Filter>crypto</Filter>
    </ClInclude>
    <ClInclude Include="protocol\filterproces.h">
      <Filter>protocol</Filter>
    </ClInclude>
    <ClInclude Include="protocol\http.h">
      <Filter>protocol</Filter>
    </ClInclude>
    <ClInclude Include="protocol\request.h">
      <Filter>protocol</Filter>
    </ClInclude>
    <ClInclude Include="protocol\responses.h">
      <Filter>protocol</Filter>
    </ClInclude>
    <ClInclude Include="protocol\tcpip.h">
      <Filter>protocol</Filter>
    </ClInclude>
    <ClInclude Include="protocol\websocket.h">
      <Filter>protocol</Filter>
    </ClInclude>
    <ClInclude Include="crypto\url.h">
      <Filter>crypto</Filter>
    </ClInclude>
    <ClInclude Include="thread\listenthread.h">
      <Filter>thread</Filter>
    </ClInclude>
    <ClInclude Include="thread\thread.h">
      <Filter>thread</Filter>
    </ClInclude>
    <ClInclude Include="thread\acceptthread.h">
      <Filter>thread</Filter>
    </ClInclude>
    <ClInclude Include="thread\workthread.h">
      <Filter>thread</Filter>
    </ClInclude>
    <ClInclude Include="thread\timerthread.h">
      <Filter>thread</Filter>
    </ClInclude>
    <ClInclude Include="thread\connectthread.h">
      <Filter>thread</Filter>
    </ClInclude>
    <ClInclude Include="thread\luathread.h">
      <Filter>thread</Filter>
    </ClInclude>
    <ClInclude Include="lua\luaengine.h">
      <Filter>lua</Filter>
    </ClInclude>
    <ClInclude Include="pool\mysqlpool.h">
      <Filter>pool</Filter>
    </ClInclude>
    <ClInclude Include="lua\luawrapper.h">
      <Filter>lua</Filter>
    </ClInclude>
    <ClInclude Include="thread\inotifythread.h">
      <Filter>thread</Filter>
    </ClInclude>
    <ClInclude Include="task\timertask.h">
      <Filter>task</Filter>
    </ClInclude>
    <ClInclude Include="task\connectreadiotask.h">
      <Filter>task</Filter>
    </ClInclude>
    <ClInclude Include="task\acceptreadiotask.h">
      <Filter>task</Filter>
    </ClInclude>
    <ClInclude Include="net\acceptheartbeat.h">
      <Filter>net\timer</Filter>
    </ClInclude>
    <ClInclude Include="net\connectheartbeat.h">
      <Filter>net\timer</Filter>
    </ClInclude>
    <ClInclude Include="task\notifytask.h">
      <Filter>task</Filter>
    </ClInclude>
    <ClInclude Include="utils\stuff.h">
      <Filter>utils</Filter>
    </ClInclude>
    <ClInclude Include="utils\stringop.h">
      <Filter>utils</Filter>
    </ClInclude>
    <ClInclude Include="utils\idworker.h">
      <Filter>utils</Filter>
    </ClInclude>
    <ClInclude Include="utils\iniconfig.h">
      <Filter>utils</Filter>
    </ClInclude>
    <ClInclude Include="utils\logger.h">
      <Filter>utils</Filter>
    </ClInclude>
    <ClInclude Include="utils\singleton.h">
      <Filter>utils</Filter>
    </ClInclude>
    <ClInclude Include="crypto\sha256.h">
      <Filter>crypto</Filter>
    </ClInclude>
    <ClInclude Include="crypto\md5.h">
      <Filter>crypto</Filter>
    </ClInclude>
    <ClInclude Include="utils\databuffer.h">
      <Filter>utils</Filter>
    </ClInclude>
    <ClInclude Include="utils\hash.h">
      <Filter>utils</Filter>
    </ClInclude>
    <ClInclude Include="utils\filepathop.h">
      <Filter>utils</Filter>
    </ClInclude>
    <ClInclude Include="utils\stringify_stl.h">
      <Filter>utils</Filter>
    </ClInclude>
    <ClInclude Include="utils\lru.h">
      <Filter>utils</Filter>
    </ClInclude>
    <ClInclude Include="utils\skiplist.h">
      <Filter>utils</Filter>
    </ClInclude>
    <ClInclude Include="io\stdinhandler.h">
      <Filter>io</Filter>
    </ClInclude>
    <ClInclude Include="utils\objectcount.h">
      <Filter>utils</Filter>
    </ClInclude>
    <ClInclude Include="signal\signalhandler.h">
      <Filter>signal</Filter>
    </ClInclude>
    <ClInclude Include="lua\luatask.h">
      <Filter>lua</Filter>
    </ClInclude>
  </ItemGroup>
  <ItemGroup>
    <Filter Include="pool">
      <UniqueIdentifier>{3fc3dd56-be07-4861-ae6b-bc20e7d9d50c}</UniqueIdentifier>
    </Filter>
    <Filter Include="net">
      <UniqueIdentifier>{f7cdf704-2ecd-4406-9d48-4a9889d86b55}</UniqueIdentifier>
    </Filter>
    <Filter Include="events">
      <UniqueIdentifier>{f6d87736-e8c7-4ae5-8e12-be05a1352281}</UniqueIdentifier>
    </Filter>
    <Filter Include="net\accept">
      <UniqueIdentifier>{aa7f0b34-fe72-4d65-96ab-f270f67ca09a}</UniqueIdentifier>
    </Filter>
    <Filter Include="net\listen">
      <UniqueIdentifier>{88c31776-8da6-4340-b974-e35fc422c22d}</UniqueIdentifier>
    </Filter>
    <Filter Include="net\timer">
      <UniqueIdentifier>{e450fb1d-d19f-4f82-8bc4-d2813654565c}</UniqueIdentifier>
    </Filter>
    <Filter Include="net\connect">
      <UniqueIdentifier>{d706a91b-9c3e-4ad3-a68c-d8cda8663a0b}</UniqueIdentifier>
    </Filter>
    <Filter Include="crypto">
      <UniqueIdentifier>{f1266e77-80f5-4140-8356-46ee62856c89}</UniqueIdentifier>
    </Filter>
    <Filter Include="protocol">
      <UniqueIdentifier>{9b71b6b2-b942-4737-beb5-76f80f79d12a}</UniqueIdentifier>
    </Filter>
    <Filter Include="thread">
      <UniqueIdentifier>{4658e87f-753d-491a-b571-a19656fcda3f}</UniqueIdentifier>
    </Filter>
    <Filter Include="lua">
      <UniqueIdentifier>{577a98c2-f0c1-46ce-a230-02029308ab7a}</UniqueIdentifier>
    </Filter>
    <Filter Include="task">
      <UniqueIdentifier>{e2b3b197-8b3f-41c7-9bca-b2ca178ee547}</UniqueIdentifier>
    </Filter>
    <Filter Include="utils">
      <UniqueIdentifier>{0c04a382-75be-4e8b-976e-949635a7f4a6}</UniqueIdentifier>
    </Filter>
    <Filter Include="io">
      <UniqueIdentifier>{e3c9ee2d-8c49-42da-b86a-078b2b400618}</UniqueIdentifier>
    </Filter>
    <Filter Include="signal">
      <UniqueIdentifier>{5f863c25-1550-495a-94c1-2aaa317b032c}</UniqueIdentifier>
    </Filter>
  </ItemGroup>
</Project>