
Microsoft Visual Studio Solution File, Format Version 12.00
# Visual Studio Version 16
VisualStudioVersion = 16.0.31005.135
MinimumVisualStudioVersion = 10.0.40219.1
Project("{8BC9CEB8-8B4A-11D0-8D11-00A0C91BC942}") = "shynet", "shynet\shynet.vcxproj", "{5702E8BA-88DB-413C-885C-8E9F14CA50D1}"
EndProject
Project("{8BC9CEB8-8B4A-11D0-8D11-00A0C91BC942}") = "frmpub", "frmpub\frmpub.vcxproj", "{6094C37A-DFF3-42D7-A289-933FA442B5DF}"
EndProject
Project("{2150E333-8FDC-42A3-9474-1A3956D46DE8}") = "app", "app", "{CA2521AF-200B-47A4-A8B4-5D42415F5DC8}"
EndProject
Project("{2150E333-8FDC-42A3-9474-1A3956D46DE8}") = "lib", "lib", "{38642823-31A6-4C42-8846-DF0FA136D124}"
EndProject
Project("{8BC9CEB8-8B4A-11D0-8D11-00A0C91BC942}") = "dbvisit", "dbvisit\dbvisit.vcxproj", "{D1455003-B2DC-4445-9E3C-D1AE7CB05833}"
EndProject
Project("{2150E333-8FDC-42A3-9474-1A3956D46DE8}") = "global", "global", "{32952F13-2F30-42AD-A423-DA30CA5573C7}"
EndProject
Project("{2150E333-8FDC-42A3-9474-1A3956D46DE8}") = "proto", "proto", "{F8399BB4-0E17-411C-903A-F414287E1A45}"
	ProjectSection(SolutionItems) = preProject
		bin\proto\client.proto = bin\proto\client.proto
		bin\proto\common.proto = bin\proto\common.proto
		bin\proto\dbvisit.proto = bin\proto\dbvisit.proto
		bin\proto\game.proto = bin\proto\game.proto
		bin\proto\gate.proto = bin\proto\gate.proto
		bin\proto\internal.proto = bin\proto\internal.proto
		bin\proto\login.proto = bin\proto\login.proto
		bin\proto\world.proto = bin\proto\world.proto
	EndProjectSection
EndProject
Project("{8BC9CEB8-8B4A-11D0-8D11-00A0C91BC942}") = "gate", "gate\gate.vcxproj", "{671466DF-E320-41AC-9535-462BCEDC1989}"
EndProject
Project("{8BC9CEB8-8B4A-11D0-8D11-00A0C91BC942}") = "login", "login\login.vcxproj", "{CCF4B66C-98DF-42C1-B22E-6FD468524173}"
EndProject
Project("{8BC9CEB8-8B4A-11D0-8D11-00A0C91BC942}") = "game", "game\game.vcxproj", "{21E48B0B-3F57-436F-BA28-C690AE5BA86B}"
EndProject
Project("{8BC9CEB8-8B4A-11D0-8D11-00A0C91BC942}") = "client", "client\client.vcxproj", "{ED8B3412-0F27-4788-9F88-7E00F700A174}"
EndProject
Project("{8BC9CEB8-8B4A-11D0-8D11-00A0C91BC942}") = "world", "world\world.vcxproj", "{83C71D23-86F3-496D-8A5A-667810893FFD}"
EndProject
Global
	GlobalSection(SolutionConfigurationPlatforms) = preSolution
		Debug|Any CPU = Debug|Any CPU
		Debug|ARM = Debug|ARM
		Debug|ARM64 = Debug|ARM64
		Debug|x64 = Debug|x64
		Debug|x86 = Debug|x86
		Release|Any CPU = Release|Any CPU
		Release|ARM = Release|ARM
		Release|ARM64 = Release|ARM64
		Release|x64 = Release|x64
		Release|x86 = Release|x86
	EndGlobalSection
	GlobalSection(ProjectConfigurationPlatforms) = postSolution
		{5702E8BA-88DB-413C-885C-8E9F14CA50D1}.Debug|Any CPU.ActiveCfg = Debug|x86
		{5702E8BA-88DB-413C-885C-8E9F14CA50D1}.Debug|ARM.ActiveCfg = Debug|ARM
		{5702E8BA-88DB-413C-885C-8E9F14CA50D1}.Debug|ARM.Build.0 = Debug|ARM
		{5702E8BA-88DB-413C-885C-8E9F14CA50D1}.Debug|ARM.Deploy.0 = Debug|ARM
		{5702E8BA-88DB-413C-885C-8E9F14CA50D1}.Debug|ARM64.ActiveCfg = Debug|ARM64
		{5702E8BA-88DB-413C-885C-8E9F14CA50D1}.Debug|ARM64.Build.0 = Debug|ARM64
		{5702E8BA-88DB-413C-885C-8E9F14CA50D1}.Debug|ARM64.Deploy.0 = Debug|ARM64
		{5702E8BA-88DB-413C-885C-8E9F14CA50D1}.Debug|x64.ActiveCfg = Debug|x64
		{5702E8BA-88DB-413C-885C-8E9F14CA50D1}.Debug|x64.Build.0 = Debug|x64
		{5702E8BA-88DB-413C-885C-8E9F14CA50D1}.Debug|x64.Deploy.0 = Debug|x64
		{5702E8BA-88DB-413C-885C-8E9F14CA50D1}.Debug|x86.ActiveCfg = Debug|x86
		{5702E8BA-88DB-413C-885C-8E9F14CA50D1}.Debug|x86.Build.0 = Debug|x86
		{5702E8BA-88DB-413C-885C-8E9F14CA50D1}.Debug|x86.Deploy.0 = Debug|x86
		{5702E8BA-88DB-413C-885C-8E9F14CA50D1}.Release|Any CPU.ActiveCfg = Release|x86
		{5702E8BA-88DB-413C-885C-8E9F14CA50D1}.Release|ARM.ActiveCfg = Release|ARM
		{5702E8BA-88DB-413C-885C-8E9F14CA50D1}.Release|ARM.Build.0 = Release|ARM
		{5702E8BA-88DB-413C-885C-8E9F14CA50D1}.Release|ARM.Deploy.0 = Release|ARM
		{5702E8BA-88DB-413C-885C-8E9F14CA50D1}.Release|ARM64.ActiveCfg = Release|ARM64
		{5702E8BA-88DB-413C-885C-8E9F14CA50D1}.Release|ARM64.Build.0 = Release|ARM64
		{5702E8BA-88DB-413C-885C-8E9F14CA50D1}.Release|ARM64.Deploy.0 = Release|ARM64
		{5702E8BA-88DB-413C-885C-8E9F14CA50D1}.Release|x64.ActiveCfg = Release|x64
		{5702E8BA-88DB-413C-885C-8E9F14CA50D1}.Release|x64.Build.0 = Release|x64
		{5702E8BA-88DB-413C-885C-8E9F14CA50D1}.Release|x64.Deploy.0 = Release|x64
		{5702E8BA-88DB-413C-885C-8E9F14CA50D1}.Release|x86.ActiveCfg = Release|x86
		{5702E8BA-88DB-413C-885C-8E9F14CA50D1}.Release|x86.Build.0 = Release|x86
		{5702E8BA-88DB-413C-885C-8E9F14CA50D1}.Release|x86.Deploy.0 = Release|x86
		{6094C37A-DFF3-42D7-A289-933FA442B5DF}.Debug|Any CPU.ActiveCfg = Debug|x86
		{6094C37A-DFF3-42D7-A289-933FA442B5DF}.Debug|ARM.ActiveCfg = Debug|ARM
		{6094C37A-DFF3-42D7-A289-933FA442B5DF}.Debug|ARM.Build.0 = Debug|ARM
		{6094C37A-DFF3-42D7-A289-933FA442B5DF}.Debug|ARM.Deploy.0 = Debug|ARM
		{6094C37A-DFF3-42D7-A289-933FA442B5DF}.Debug|ARM64.ActiveCfg = Debug|ARM64
		{6094C37A-DFF3-42D7-A289-933FA442B5DF}.Debug|ARM64.Build.0 = Debug|ARM64
		{6094C37A-DFF3-42D7-A289-933FA442B5DF}.Debug|ARM64.Deploy.0 = Debug|ARM64
		{6094C37A-DFF3-42D7-A289-933FA442B5DF}.Debug|x64.ActiveCfg = Debug|x64
		{6094C37A-DFF3-42D7-A289-933FA442B5DF}.Debug|x64.Build.0 = Debug|x64
		{6094C37A-DFF3-42D7-A289-933FA442B5DF}.Debug|x64.Deploy.0 = Debug|x64
		{6094C37A-DFF3-42D7-A289-933FA442B5DF}.Debug|x86.ActiveCfg = Debug|x86
		{6094C37A-DFF3-42D7-A289-933FA442B5DF}.Debug|x86.Build.0 = Debug|x86
		{6094C37A-DFF3-42D7-A289-933FA442B5DF}.Debug|x86.Deploy.0 = Debug|x86
		{6094C37A-DFF3-42D7-A289-933FA442B5DF}.Release|Any CPU.ActiveCfg = Release|x86
		{6094C37A-DFF3-42D7-A289-933FA442B5DF}.Release|ARM.ActiveCfg = Release|ARM
		{6094C37A-DFF3-42D7-A289-933FA442B5DF}.Release|ARM.Build.0 = Release|ARM
		{6094C37A-DFF3-42D7-A289-933FA442B5DF}.Release|ARM.Deploy.0 = Release|ARM
		{6094C37A-DFF3-42D7-A289-933FA442B5DF}.Release|ARM64.ActiveCfg = Release|ARM64
		{6094C37A-DFF3-42D7-A289-933FA442B5DF}.Release|ARM64.Build.0 = Release|ARM64
		{6094C37A-DFF3-42D7-A289-933FA442B5DF}.Release|ARM64.Deploy.0 = Release|ARM64
		{6094C37A-DFF3-42D7-A289-933FA442B5DF}.Release|x64.ActiveCfg = Release|x64
		{6094C37A-DFF3-42D7-A289-933FA442B5DF}.Release|x64.Build.0 = Release|x64
		{6094C37A-DFF3-42D7-A289-933FA442B5DF}.Release|x64.Deploy.0 = Release|x64
		{6094C37A-DFF3-42D7-A289-933FA442B5DF}.Release|x86.ActiveCfg = Release|x86
		{6094C37A-DFF3-42D7-A289-933FA442B5DF}.Release|x86.Build.0 = Release|x86
		{6094C37A-DFF3-42D7-A289-933FA442B5DF}.Release|x86.Deploy.0 = Release|x86
		{D1455003-B2DC-4445-9E3C-D1AE7CB05833}.Debug|Any CPU.ActiveCfg = Debug|x86
		{D1455003-B2DC-4445-9E3C-D1AE7CB05833}.Debug|ARM.ActiveCfg = Debug|ARM
		{D1455003-B2DC-4445-9E3C-D1AE7CB05833}.Debug|ARM.Build.0 = Debug|ARM
		{D1455003-B2DC-4445-9E3C-D1AE7CB05833}.Debug|ARM.Deploy.0 = Debug|ARM
		{D1455003-B2DC-4445-9E3C-D1AE7CB05833}.Debug|ARM64.ActiveCfg = Debug|ARM64
		{D1455003-B2DC-4445-9E3C-D1AE7CB05833}.Debug|ARM64.Build.0 = Debug|ARM64
		{D1455003-B2DC-4445-9E3C-D1AE7CB05833}.Debug|ARM64.Deploy.0 = Debug|ARM64
		{D1455003-B2DC-4445-9E3C-D1AE7CB05833}.Debug|x64.ActiveCfg = Debug|x64
		{D1455003-B2DC-4445-9E3C-D1AE7CB05833}.Debug|x64.Build.0 = Debug|x64
		{D1455003-B2DC-4445-9E3C-D1AE7CB05833}.Debug|x64.Deploy.0 = Debug|x64
		{D1455003-B2DC-4445-9E3C-D1AE7CB05833}.Debug|x86.ActiveCfg = Debug|x86
		{D1455003-B2DC-4445-9E3C-D1AE7CB05833}.Debug|x86.Build.0 = Debug|x86
		{D1455003-B2DC-4445-9E3C-D1AE7CB05833}.Debug|x86.Deploy.0 = Debug|x86
		{D1455003-B2DC-4445-9E3C-D1AE7CB05833}.Release|Any CPU.ActiveCfg = Release|x86
		{D1455003-B2DC-4445-9E3C-D1AE7CB05833}.Release|ARM.ActiveCfg = Release|ARM
		{D1455003-B2DC-4445-9E3C-D1AE7CB05833}.Release|ARM.Build.0 = Release|ARM
		{D1455003-B2DC-4445-9E3C-D1AE7CB05833}.Release|ARM.Deploy.0 = Release|ARM
		{D1455003-B2DC-4445-9E3C-D1AE7CB05833}.Release|ARM64.ActiveCfg = Release|ARM64
		{D1455003-B2DC-4445-9E3C-D1AE7CB05833}.Release|ARM64.Build.0 = Release|ARM64
		{D1455003-B2DC-4445-9E3C-D1AE7CB05833}.Release|ARM64.Deploy.0 = Release|ARM64
		{D1455003-B2DC-4445-9E3C-D1AE7CB05833}.Release|x64.ActiveCfg = Release|x64
		{D1455003-B2DC-4445-9E3C-D1AE7CB05833}.Release|x64.Build.0 = Release|x64
		{D1455003-B2DC-4445-9E3C-D1AE7CB05833}.Release|x64.Deploy.0 = Release|x64
		{D1455003-B2DC-4445-9E3C-D1AE7CB05833}.Release|x86.ActiveCfg = Release|x86
		{D1455003-B2DC-4445-9E3C-D1AE7CB05833}.Release|x86.Build.0 = Release|x86
		{D1455003-B2DC-4445-9E3C-D1AE7CB05833}.Release|x86.Deploy.0 = Release|x86
		{671466DF-E320-41AC-9535-462BCEDC1989}.Debug|Any CPU.ActiveCfg = Debug|x86
		{671466DF-E320-41AC-9535-462BCEDC1989}.Debug|ARM.ActiveCfg = Debug|ARM
		{671466DF-E320-41AC-9535-462BCEDC1989}.Debug|ARM.Build.0 = Debug|ARM
		{671466DF-E320-41AC-9535-462BCEDC1989}.Debug|ARM.Deploy.0 = Debug|ARM
		{671466DF-E320-41AC-9535-462BCEDC1989}.Debug|ARM64.ActiveCfg = Debug|ARM64
		{671466DF-E320-41AC-9535-462BCEDC1989}.Debug|ARM64.Build.0 = Debug|ARM64
		{671466DF-E320-41AC-9535-462BCEDC1989}.Debug|ARM64.Deploy.0 = Debug|ARM64
		{671466DF-E320-41AC-9535-462BCEDC1989}.Debug|x64.ActiveCfg = Debug|x64
		{671466DF-E320-41AC-9535-462BCEDC1989}.Debug|x64.Build.0 = Debug|x64
		{671466DF-E320-41AC-9535-462BCEDC1989}.Debug|x64.Deploy.0 = Debug|x64
		{671466DF-E320-41AC-9535-462BCEDC1989}.Debug|x86.ActiveCfg = Debug|x86
		{671466DF-E320-41AC-9535-462BCEDC1989}.Debug|x86.Build.0 = Debug|x86
		{671466DF-E320-41AC-9535-462BCEDC1989}.Debug|x86.Deploy.0 = Debug|x86
		{671466DF-E320-41AC-9535-462BCEDC1989}.Release|Any CPU.ActiveCfg = Release|x86
		{671466DF-E320-41AC-9535-462BCEDC1989}.Release|ARM.ActiveCfg = Release|ARM
		{671466DF-E320-41AC-9535-462BCEDC1989}.Release|ARM.Build.0 = Release|ARM
		{671466DF-E320-41AC-9535-462BCEDC1989}.Release|ARM.Deploy.0 = Release|ARM
		{671466DF-E320-41AC-9535-462BCEDC1989}.Release|ARM64.ActiveCfg = Release|ARM64
		{671466DF-E320-41AC-9535-462BCEDC1989}.Release|ARM64.Build.0 = Release|ARM64
		{671466DF-E320-41AC-9535-462BCEDC1989}.Release|ARM64.Deploy.0 = Release|ARM64
		{671466DF-E320-41AC-9535-462BCEDC1989}.Release|x64.ActiveCfg = Release|x64
		{671466DF-E320-41AC-9535-462BCEDC1989}.Release|x64.Build.0 = Release|x64
		{671466DF-E320-41AC-9535-462BCEDC1989}.Release|x64.Deploy.0 = Release|x64
		{671466DF-E320-41AC-9535-462BCEDC1989}.Release|x86.ActiveCfg = Release|x86
		{671466DF-E320-41AC-9535-462BCEDC1989}.Release|x86.Build.0 = Release|x86
		{671466DF-E320-41AC-9535-462BCEDC1989}.Release|x86.Deploy.0 = Release|x86
		{CCF4B66C-98DF-42C1-B22E-6FD468524173}.Debug|Any CPU.ActiveCfg = Debug|x86
		{CCF4B66C-98DF-42C1-B22E-6FD468524173}.Debug|ARM.ActiveCfg = Debug|ARM
		{CCF4B66C-98DF-42C1-B22E-6FD468524173}.Debug|ARM.Build.0 = Debug|ARM
		{CCF4B66C-98DF-42C1-B22E-6FD468524173}.Debug|ARM.Deploy.0 = Debug|ARM
		{CCF4B66C-98DF-42C1-B22E-6FD468524173}.Debug|ARM64.ActiveCfg = Debug|ARM64
		{CCF4B66C-98DF-42C1-B22E-6FD468524173}.Debug|ARM64.Build.0 = Debug|ARM64
		{CCF4B66C-98DF-42C1-B22E-6FD468524173}.Debug|ARM64.Deploy.0 = Debug|ARM64
		{CCF4B66C-98DF-42C1-B22E-6FD468524173}.Debug|x64.ActiveCfg = Debug|x64
		{CCF4B66C-98DF-42C1-B22E-6FD468524173}.Debug|x64.Build.0 = Debug|x64
		{CCF4B66C-98DF-42C1-B22E-6FD468524173}.Debug|x64.Deploy.0 = Debug|x64
		{CCF4B66C-98DF-42C1-B22E-6FD468524173}.Debug|x86.ActiveCfg = Debug|x86
		{CCF4B66C-98DF-42C1-B22E-6FD468524173}.Debug|x86.Build.0 = Debug|x86
		{CCF4B66C-98DF-42C1-B22E-6FD468524173}.Debug|x86.Deploy.0 = Debug|x86
		{CCF4B66C-98DF-42C1-B22E-6FD468524173}.Release|Any CPU.ActiveCfg = Release|x86
		{CCF4B66C-98DF-42C1-B22E-6FD468524173}.Release|ARM.ActiveCfg = Release|ARM
		{CCF4B66C-98DF-42C1-B22E-6FD468524173}.Release|ARM.Build.0 = Release|ARM
		{CCF4B66C-98DF-42C1-B22E-6FD468524173}.Release|ARM.Deploy.0 = Release|ARM
		{CCF4B66C-98DF-42C1-B22E-6FD468524173}.Release|ARM64.ActiveCfg = Release|ARM64
		{CCF4B66C-98DF-42C1-B22E-6FD468524173}.Release|ARM64.Build.0 = Release|ARM64
		{CCF4B66C-98DF-42C1-B22E-6FD468524173}.Release|ARM64.Deploy.0 = Release|ARM64
		{CCF4B66C-98DF-42C1-B22E-6FD468524173}.Release|x64.ActiveCfg = Release|x64
		{CCF4B66C-98DF-42C1-B22E-6FD468524173}.Release|x64.Build.0 = Release|x64
		{CCF4B66C-98DF-42C1-B22E-6FD468524173}.Release|x64.Deploy.0 = Release|x64
		{CCF4B66C-98DF-42C1-B22E-6FD468524173}.Release|x86.ActiveCfg = Release|x86
		{CCF4B66C-98DF-42C1-B22E-6FD468524173}.Release|x86.Build.0 = Release|x86
		{CCF4B66C-98DF-42C1-B22E-6FD468524173}.Release|x86.Deploy.0 = Release|x86
		{21E48B0B-3F57-436F-BA28-C690AE5BA86B}.Debug|Any CPU.ActiveCfg = Debug|x86
		{21E48B0B-3F57-436F-BA28-C690AE5BA86B}.Debug|ARM.ActiveCfg = Debug|ARM
		{21E48B0B-3F57-436F-BA28-C690AE5BA86B}.Debug|ARM.Build.0 = Debug|ARM
		{21E48B0B-3F57-436F-BA28-C690AE5BA86B}.Debug|ARM.Deploy.0 = Debug|ARM
		{21E48B0B-3F57-436F-BA28-C690AE5BA86B}.Debug|ARM64.ActiveCfg = Debug|ARM64
		{21E48B0B-3F57-436F-BA28-C690AE5BA86B}.Debug|ARM64.Build.0 = Debug|ARM64
		{21E48B0B-3F57-436F-BA28-C690AE5BA86B}.Debug|ARM64.Deploy.0 = Debug|ARM64
		{21E48B0B-3F57-436F-BA28-C690AE5BA86B}.Debug|x64.ActiveCfg = Debug|x64
		{21E48B0B-3F57-436F-BA28-C690AE5BA86B}.Debug|x64.Build.0 = Debug|x64
		{21E48B0B-3F57-436F-BA28-C690AE5BA86B}.Debug|x64.Deploy.0 = Debug|x64
		{21E48B0B-3F57-436F-BA28-C690AE5BA86B}.Debug|x86.ActiveCfg = Debug|x86
		{21E48B0B-3F57-436F-BA28-C690AE5BA86B}.Debug|x86.Build.0 = Debug|x86
		{21E48B0B-3F57-436F-BA28-C690AE5BA86B}.Debug|x86.Deploy.0 = Debug|x86
		{21E48B0B-3F57-436F-BA28-C690AE5BA86B}.Release|Any CPU.ActiveCfg = Release|x86
		{21E48B0B-3F57-436F-BA28-C690AE5BA86B}.Release|ARM.ActiveCfg = Release|ARM
		{21E48B0B-3F57-436F-BA28-C690AE5BA86B}.Release|ARM.Build.0 = Release|ARM
		{21E48B0B-3F57-436F-BA28-C690AE5BA86B}.Release|ARM.Deploy.0 = Release|ARM
		{21E48B0B-3F57-436F-BA28-C690AE5BA86B}.Release|ARM64.ActiveCfg = Release|ARM64
		{21E48B0B-3F57-436F-BA28-C690AE5BA86B}.Release|ARM64.Build.0 = Release|ARM64
		{21E48B0B-3F57-436F-BA28-C690AE5BA86B}.Release|ARM64.Deploy.0 = Release|ARM64
		{21E48B0B-3F57-436F-BA28-C690AE5BA86B}.Release|x64.ActiveCfg = Release|x64
		{21E48B0B-3F57-436F-BA28-C690AE5BA86B}.Release|x64.Build.0 = Release|x64
		{21E48B0B-3F57-436F-BA28-C690AE5BA86B}.Release|x64.Deploy.0 = Release|x64
		{21E48B0B-3F57-436F-BA28-C690AE5BA86B}.Release|x86.ActiveCfg = Release|x86
		{21E48B0B-3F57-436F-BA28-C690AE5BA86B}.Release|x86.Build.0 = Release|x86
		{21E48B0B-3F57-436F-BA28-C690AE5BA86B}.Release|x86.Deploy.0 = Release|x86
		{ED8B3412-0F27-4788-9F88-7E00F700A174}.Debug|Any CPU.ActiveCfg = Debug|x86
		{ED8B3412-0F27-4788-9F88-7E00F700A174}.Debug|ARM.ActiveCfg = Debug|ARM
		{ED8B3412-0F27-4788-9F88-7E00F700A174}.Debug|ARM.Build.0 = Debug|ARM
		{ED8B3412-0F27-4788-9F88-7E00F700A174}.Debug|ARM.Deploy.0 = Debug|ARM
		{ED8B3412-0F27-4788-9F88-7E00F700A174}.Debug|ARM64.ActiveCfg = Debug|ARM64
		{ED8B3412-0F27-4788-9F88-7E00F700A174}.Debug|ARM64.Build.0 = Debug|ARM64
		{ED8B3412-0F27-4788-9F88-7E00F700A174}.Debug|ARM64.Deploy.0 = Debug|ARM64
		{ED8B3412-0F27-4788-9F88-7E00F700A174}.Debug|x64.ActiveCfg = Debug|x64
		{ED8B3412-0F27-4788-9F88-7E00F700A174}.Debug|x64.Build.0 = Debug|x64
		{ED8B3412-0F27-4788-9F88-7E00F700A174}.Debug|x64.Deploy.0 = Debug|x64
		{ED8B3412-0F27-4788-9F88-7E00F700A174}.Debug|x86.ActiveCfg = Debug|x86
		{ED8B3412-0F27-4788-9F88-7E00F700A174}.Debug|x86.Build.0 = Debug|x86
		{ED8B3412-0F27-4788-9F88-7E00F700A174}.Debug|x86.Deploy.0 = Debug|x86
		{ED8B3412-0F27-4788-9F88-7E00F700A174}.Release|Any CPU.ActiveCfg = Release|x86
		{ED8B3412-0F27-4788-9F88-7E00F700A174}.Release|ARM.ActiveCfg = Release|ARM
		{ED8B3412-0F27-4788-9F88-7E00F700A174}.Release|ARM.Build.0 = Release|ARM
		{ED8B3412-0F27-4788-9F88-7E00F700A174}.Release|ARM.Deploy.0 = Release|ARM
		{ED8B3412-0F27-4788-9F88-7E00F700A174}.Release|ARM64.ActiveCfg = Release|ARM64
		{ED8B3412-0F27-4788-9F88-7E00F700A174}.Release|ARM64.Build.0 = Release|ARM64
		{ED8B3412-0F27-4788-9F88-7E00F700A174}.Release|ARM64.Deploy.0 = Release|ARM64
		{ED8B3412-0F27-4788-9F88-7E00F700A174}.Release|x64.ActiveCfg = Release|x64
		{ED8B3412-0F27-4788-9F88-7E00F700A174}.Release|x64.Build.0 = Release|x64
		{ED8B3412-0F27-4788-9F88-7E00F700A174}.Release|x64.Deploy.0 = Release|x64
		{ED8B3412-0F27-4788-9F88-7E00F700A174}.Release|x86.ActiveCfg = Release|x86
		{ED8B3412-0F27-4788-9F88-7E00F700A174}.Release|x86.Build.0 = Release|x86
		{ED8B3412-0F27-4788-9F88-7E00F700A174}.Release|x86.Deploy.0 = Release|x86
		{83C71D23-86F3-496D-8A5A-667810893FFD}.Debug|Any CPU.ActiveCfg = Debug|x86
		{83C71D23-86F3-496D-8A5A-667810893FFD}.Debug|ARM.ActiveCfg = Debug|ARM
		{83C71D23-86F3-496D-8A5A-667810893FFD}.Debug|ARM.Build.0 = Debug|ARM
		{83C71D23-86F3-496D-8A5A-667810893FFD}.Debug|ARM.Deploy.0 = Debug|ARM
		{83C71D23-86F3-496D-8A5A-667810893FFD}.Debug|ARM64.ActiveCfg = Debug|ARM64
		{83C71D23-86F3-496D-8A5A-667810893FFD}.Debug|ARM64.Build.0 = Debug|ARM64
		{83C71D23-86F3-496D-8A5A-667810893FFD}.Debug|ARM64.Deploy.0 = Debug|ARM64
		{83C71D23-86F3-496D-8A5A-667810893FFD}.Debug|x64.ActiveCfg = Debug|x64
		{83C71D23-86F3-496D-8A5A-667810893FFD}.Debug|x64.Build.0 = Debug|x64
		{83C71D23-86F3-496D-8A5A-667810893FFD}.Debug|x64.Deploy.0 = Debug|x64
		{83C71D23-86F3-496D-8A5A-667810893FFD}.Debug|x86.ActiveCfg = Debug|x86
		{83C71D23-86F3-496D-8A5A-667810893FFD}.Debug|x86.Build.0 = Debug|x86
		{83C71D23-86F3-496D-8A5A-667810893FFD}.Debug|x86.Deploy.0 = Debug|x86
		{83C71D23-86F3-496D-8A5A-667810893FFD}.Release|Any CPU.ActiveCfg = Release|x86
		{83C71D23-86F3-496D-8A5A-667810893FFD}.Release|ARM.ActiveCfg = Release|ARM
		{83C71D23-86F3-496D-8A5A-667810893FFD}.Release|ARM.Build.0 = Release|ARM
		{83C71D23-86F3-496D-8A5A-667810893FFD}.Release|ARM.Deploy.0 = Release|ARM
		{83C71D23-86F3-496D-8A5A-667810893FFD}.Release|ARM64.ActiveCfg = Release|ARM64
		{83C71D23-86F3-496D-8A5A-667810893FFD}.Release|ARM64.Build.0 = Release|ARM64
		{83C71D23-86F3-496D-8A5A-667810893FFD}.Release|ARM64.Deploy.0 = Release|ARM64
		{83C71D23-86F3-496D-8A5A-667810893FFD}.Release|x64.ActiveCfg = Release|x64
		{83C71D23-86F3-496D-8A5A-667810893FFD}.Release|x64.Build.0 = Release|x64
		{83C71D23-86F3-496D-8A5A-667810893FFD}.Release|x64.Deploy.0 = Release|x64
		{83C71D23-86F3-496D-8A5A-667810893FFD}.Release|x86.ActiveCfg = Release|x86
		{83C71D23-86F3-496D-8A5A-667810893FFD}.Release|x86.Build.0 = Release|x86
		{83C71D23-86F3-496D-8A5A-667810893FFD}.Release|x86.Deploy.0 = Release|x86
	EndGlobalSection
	GlobalSection(SolutionProperties) = preSolution
		HideSolutionNode = FALSE
	EndGlobalSection
	GlobalSection(NestedProjects) = preSolution
		{5702E8BA-88DB-413C-885C-8E9F14CA50D1} = {38642823-31A6-4C42-8846-DF0FA136D124}
		{6094C37A-DFF3-42D7-A289-933FA442B5DF} = {38642823-31A6-4C42-8846-DF0FA136D124}
		{D1455003-B2DC-4445-9E3C-D1AE7CB05833} = {32952F13-2F30-42AD-A423-DA30CA5573C7}
		{32952F13-2F30-42AD-A423-DA30CA5573C7} = {CA2521AF-200B-47A4-A8B4-5D42415F5DC8}
		{671466DF-E320-41AC-9535-462BCEDC1989} = {32952F13-2F30-42AD-A423-DA30CA5573C7}
		{CCF4B66C-98DF-42C1-B22E-6FD468524173} = {32952F13-2F30-42AD-A423-DA30CA5573C7}
		{21E48B0B-3F57-436F-BA28-C690AE5BA86B} = {32952F13-2F30-42AD-A423-DA30CA5573C7}
		{ED8B3412-0F27-4788-9F88-7E00F700A174} = {32952F13-2F30-42AD-A423-DA30CA5573C7}
		{83C71D23-86F3-496D-8A5A-667810893FFD} = {32952F13-2F30-42AD-A423-DA30CA5573C7}
	EndGlobalSection
	GlobalSection(ExtensibilityGlobals) = postSolution
		SolutionGuid = {EBA40B80-8B46-4434-A72D-CABD41BC3700}
	EndGlobalSection
EndGlobal
