<?xml version="1.0" encoding="utf-8"?>
<Project ToolsVersion="4.0" xmlns="http://schemas.microsoft.com/developer/msbuild/2003">
  <ItemGroup>
    <ClCompile Include="connector.cpp" />
    <ClCompile Include="pingtimer.cpp" />
    <ClCompile Include="client.cpp" />
    <ClCompile Include="basic.cpp" />
    <ClCompile Include="protocc\client.pb.cc">
      <Filter>protocc</Filter>
    </ClCompile>
    <ClCompile Include="protocc\common.pb.cc">
      <Filter>protocc</Filter>
    </ClCompile>
    <ClCompile Include="protocc\game.pb.cc">
      <Filter>protocc</Filter>
    </ClCompile>
    <ClCompile Include="protocc\gate.pb.cc">
      <Filter>protocc</Filter>
    </ClCompile>
    <ClCompile Include="protocc\internal.pb.cc">
      <Filter>protocc</Filter>
    </ClCompile>
    <ClCompile Include="protocc\login.pb.cc">
      <Filter>protocc</Filter>
    </ClCompile>
    <ClCompile Include="filterdata.cpp" />
    <ClCompile Include="frmluawrapper.cpp">
      <Filter>lua</Filter>
    </ClCompile>
    <ClCompile Include="luafoldertask.cpp">
      <Filter>lua</Filter>
    </ClCompile>
    <ClCompile Include="luahotfixtask.cpp">
      <Filter>lua</Filter>
    </ClCompile>
    <ClCompile Include="protocc\world.pb.cc">
      <Filter>protocc</Filter>
    </ClCompile>
    <ClCompile Include="luaremotedebug.cpp">
      <Filter>lua</Filter>
    </ClCompile>
    <ClCompile Include="luatimertask.cpp">
      <Filter>lua</Filter>
    </ClCompile>
    <ClCompile Include="protocc\dbvisit.pb.cc">
      <Filter>protocc</Filter>
    </ClCompile>
    <ClCompile Include="frmstdinhandler.cpp" />
    <ClCompile Include="protocc\log.pb.cc">
      <Filter>protocc</Filter>
    </ClCompile>
    <ClCompile Include="logconnector.cpp">
      <Filter>log</Filter>
    </ClCompile>
    <ClCompile Include="logconnectormgr.cpp">
      <Filter>log</Filter>
    </ClCompile>
    <ClCompile Include="responsetimer.cpp" />
  </ItemGroup>
  <ItemGroup>
    <ClInclude Include="pingtimer.h" />
    <ClInclude Include="reconnecttimer.h" />
    <ClInclude Include="connector.h" />
    <ClInclude Include="client.h" />
    <ClInclude Include="basic.h" />
    <ClInclude Include="protocc\client.pb.h">
      <Filter>protocc</Filter>
    </ClInclude>
    <ClInclude Include="protocc\common.pb.h">
      <Filter>protocc</Filter>
    </ClInclude>
    <ClInclude Include="protocc\game.pb.h">
      <Filter>protocc</Filter>
    </ClInclude>
    <ClInclude Include="protocc\gate.pb.h">
      <Filter>protocc</Filter>
    </ClInclude>
    <ClInclude Include="protocc\internal.pb.h">
      <Filter>protocc</Filter>
    </ClInclude>
    <ClInclude Include="protocc\login.pb.h">
      <Filter>protocc</Filter>
    </ClInclude>
    <ClInclude Include="filterdata.h" />
    <ClInclude Include="frmluawrapper.h">
      <Filter>lua</Filter>
    </ClInclude>
    <ClInclude Include="luafoldertask.h">
      <Filter>lua</Filter>
    </ClInclude>
    <ClInclude Include="luahotfixtask.h">
      <Filter>lua</Filter>
    </ClInclude>
    <ClInclude Include="luacallbacktask.h">
      <Filter>lua</Filter>
    </ClInclude>
    <ClInclude Include="protocc\world.pb.h">
      <Filter>protocc</Filter>
    </ClInclude>
    <ClInclude Include="luaremotedebug.h">
      <Filter>lua</Filter>
    </ClInclude>
    <ClInclude Include="luatimertask.h">
      <Filter>lua</Filter>
    </ClInclude>
    <ClInclude Include="protocc\dbvisit.pb.h">
      <Filter>protocc</Filter>
    </ClInclude>
    <ClInclude Include="frmstdinhandler.h" />
    <ClInclude Include="josncfg.h">
      <Filter>config</Filter>
    </ClInclude>
    <ClInclude Include="configcenter.h">
      <Filter>config</Filter>
    </ClInclude>
    <ClInclude Include="protocc\log.pb.h">
      <Filter>protocc</Filter>
    </ClInclude>
    <ClInclude Include="logconnector.h">
      <Filter>log</Filter>
    </ClInclude>
    <ClInclude Include="logconnectormgr.h">
      <Filter>log</Filter>
    </ClInclude>
    <ClInclude Include="responsetimer.h" />
  </ItemGroup>
  <ItemGroup>
    <Filter Include="protocc">
      <UniqueIdentifier>{957d7476-bc00-4109-a78f-75401a3228d6}</UniqueIdentifier>
    </Filter>
    <Filter Include="lua">
      <UniqueIdentifier>{f23ef2a0-c99e-4fb0-9946-081ea4eacb34}</UniqueIdentifier>
    </Filter>
    <Filter Include="config">
      <UniqueIdentifier>{5c35d0dd-330d-486e-b63f-98759fba4040}</UniqueIdentifier>
    </Filter>
    <Filter Include="log">
      <UniqueIdentifier>{e0ce8722-1515-4a55-be5e-09a9a4f847f5}</UniqueIdentifier>
    </Filter>
  </ItemGroup>
</Project>