<?xml version="1.0" encoding="utf-8"?>
<Project ToolsVersion="4.0" xmlns="http://schemas.microsoft.com/developer/msbuild/2003">
  <ItemGroup>
    <ClCompile Include="world.cpp" />
    <ClCompile Include="signalhandler.cpp" />
    <ClCompile Include="stdinhandler.cpp" />
    <ClCompile Include="dbconnector.cpp">
      <Filter>db</Filter>
    </ClCompile>
    <ClCompile Include="httpclient.cpp">
      <Filter>http</Filter>
    </ClCompile>
    <ClCompile Include="httpserver.cpp">
      <Filter>http</Filter>
    </ClCompile>
    <ClCompile Include="worldclientmgr.cpp">
      <Filter>world</Filter>
    </ClCompile>
    <ClCompile Include="worldclient.cpp">
      <Filter>world</Filter>
    </ClCompile>
    <ClCompile Include="worldserver.cpp">
      <Filter>world</Filter>
    </ClCompile>
    <ClCompile Include="httpclientmgr.cpp">
      <Filter>http</Filter>
    </ClCompile>
    <ClCompile Include="luawrapper.cpp">
      <Filter>lua</Filter>
    </ClCompile>
    <ClCompile Include="connectormgr.cpp" />
  </ItemGroup>
  <ItemGroup>
    <ClInclude Include="signalhandler.h" />
    <ClInclude Include="stdinhandler.h" />
    <ClInclude Include="dbconnector.h">
      <Filter>db</Filter>
    </ClInclude>
    <ClInclude Include="httpclient.h">
      <Filter>http</Filter>
    </ClInclude>
    <ClInclude Include="httpserver.h">
      <Filter>http</Filter>
    </ClInclude>
    <ClInclude Include="worldclientmgr.h">
      <Filter>world</Filter>
    </ClInclude>
    <ClInclude Include="worldclient.h">
      <Filter>world</Filter>
    </ClInclude>
    <ClInclude Include="worldserver.h">
      <Filter>world</Filter>
    </ClInclude>
    <ClInclude Include="httpclientmgr.h">
      <Filter>http</Filter>
    </ClInclude>
    <ClInclude Include="luawrapper.h">
      <Filter>lua</Filter>
    </ClInclude>
    <ClInclude Include="connectormgr.h" />
  </ItemGroup>
  <ItemGroup>
    <Filter Include="db">
      <UniqueIdentifier>{1c9f2672-69ac-43ee-826e-2b592e2d390e}</UniqueIdentifier>
    </Filter>
    <Filter Include="http">
      <UniqueIdentifier>{c8c362da-8f76-4ae9-8418-355174bb2cd3}</UniqueIdentifier>
    </Filter>
    <Filter Include="lua">
      <UniqueIdentifier>{b9fc952f-5ec3-4057-80ce-7cdf3efb0552}</UniqueIdentifier>
    </Filter>
    <Filter Include="world">
      <UniqueIdentifier>{41f78311-ef22-4f3b-8ff8-0b5ef58dd7cd}</UniqueIdentifier>
    </Filter>
  </ItemGroup>
</Project>