<?xml version="1.0" encoding="utf-8"?>
<Project ToolsVersion="4.0" xmlns="http://schemas.microsoft.com/developer/msbuild/2003">
  <ItemGroup>
    <ClCompile Include="connectormgr.cpp" />
    <ClCompile Include="gate.cpp" />
    <ClCompile Include="gameconnector.cpp">
      <Filter>game</Filter>
    </ClCompile>
    <ClCompile Include="loginconnector.cpp">
      <Filter>login</Filter>
    </ClCompile>
    <ClCompile Include="worldconnector.cpp">
      <Filter>world</Filter>
    </ClCompile>
    <ClCompile Include="gateserver.cpp">
      <Filter>gate</Filter>
    </ClCompile>
    <ClCompile Include="gateclientmgr.cpp">
      <Filter>gate</Filter>
    </ClCompile>
    <ClCompile Include="gateclient.cpp">
      <Filter>gate</Filter>
    </ClCompile>
    <ClCompile Include="luawrapper.cpp">
      <Filter>lua</Filter>
    </ClCompile>
  </ItemGroup>
  <ItemGroup>
    <ClInclude Include="connectormgr.h" />
    <ClInclude Include="gameconnector.h">
      <Filter>game</Filter>
    </ClInclude>
    <ClInclude Include="loginconnector.h">
      <Filter>login</Filter>
    </ClInclude>
    <ClInclude Include="worldconnector.h">
      <Filter>world</Filter>
    </ClInclude>
    <ClInclude Include="gateserver.h">
      <Filter>gate</Filter>
    </ClInclude>
    <ClInclude Include="gateclientmgr.h">
      <Filter>gate</Filter>
    </ClInclude>
    <ClInclude Include="gateclient.h">
      <Filter>gate</Filter>
    </ClInclude>
    <ClInclude Include="luawrapper.h">
      <Filter>lua</Filter>
    </ClInclude>
  </ItemGroup>
  <ItemGroup>
    <Filter Include="game">
      <UniqueIdentifier>{277babfd-1609-4876-abbb-bedfff52425f}</UniqueIdentifier>
    </Filter>
    <Filter Include="login">
      <UniqueIdentifier>{598b1214-41db-476e-8112-0b368273202d}</UniqueIdentifier>
    </Filter>
    <Filter Include="gate">
      <UniqueIdentifier>{1bc3dbb8-e9b6-4072-8186-400fdf92a498}</UniqueIdentifier>
    </Filter>
    <Filter Include="lua">
      <UniqueIdentifier>{a5643540-9350-41e6-823c-e80cc77060e3}</UniqueIdentifier>
    </Filter>
    <Filter Include="world">
      <UniqueIdentifier>{e863580d-a59d-4cf4-9c65-7254a99d7d75}</UniqueIdentifier>
    </Filter>
  </ItemGroup>
</Project>