<?xml version="1.0" encoding="utf-8"?>
<Project ToolsVersion="4.0" xmlns="http://schemas.microsoft.com/developer/msbuild/2003">
  <ItemGroup>
    <ClCompile Include="dbclient.cpp" />
    <ClCompile Include="dbclientmgr.cpp" />
    <ClCompile Include="dbserver.cpp" />
    <ClCompile Include="dbvisit.cpp" />
    <ClCompile Include="signalhandler.cpp" />
    <ClCompile Include="stdinhandler.cpp" />
    <ClCompile Include="luawrapper.cpp">
      <Filter>lua</Filter>
    </ClCompile>
    <ClCompile Include="datahelp.cpp">
      <Filter>data</Filter>
    </ClCompile>
    <ClCompile Include="datatimer.cpp">
      <Filter>data</Filter>
    </ClCompile>
    <ClCompile Include="datatimermgr.cpp">
      <Filter>data</Filter>
    </ClCompile>
  </ItemGroup>
  <ItemGroup>
    <ClInclude Include="dbclient.h" />
    <ClInclude Include="dbclientmgr.h" />
    <ClInclude Include="dbserver.h" />
    <ClInclude Include="signalhandler.h" />
    <ClInclude Include="stdinhandler.h" />
    <ClInclude Include="luawrapper.h">
      <Filter>lua</Filter>
    </ClInclude>
    <ClInclude Include="datahelp.h">
      <Filter>data</Filter>
    </ClInclude>
    <ClInclude Include="datatimer.h">
      <Filter>data</Filter>
    </ClInclude>
    <ClInclude Include="datatimermgr.h">
      <Filter>data</Filter>
    </ClInclude>
  </ItemGroup>
  <ItemGroup>
    <Filter Include="lua">
      <UniqueIdentifier>{fba559fa-8bac-40dc-b324-1df0b1c2ade3}</UniqueIdentifier>
    </Filter>
    <Filter Include="data">
      <UniqueIdentifier>{f577ae3b-e410-4764-b890-d5490b5e726c}</UniqueIdentifier>
    </Filter>
  </ItemGroup>
</Project>